# THIS IS AN AUTOGENERATED FILE. DO NOT EDIT THIS FILE DIRECTLY.
# yarn lockfile v1


lucide-react@^0.548.0:
  version "0.548.0"
  resolved "https://registry.yarnpkg.com/lucide-react/-/lucide-react-0.548.0.tgz#14db954aea4d6e5c0ae9cbb107cdeb86197922e6"
  integrity sha512-63b16z63jM9yc1MwxajHeuu0FRZFsDtljtDjYm26Kd86UQ5HQzu9ksEtoUUw4RBuewodw/tGFmvipePvRsKeDA==
